version = 1
revision = 1
requires-python = ">=3.13"

[[package]]
name = "cffi"
version = "2.0.0"
source = { registry = "https://pypi.org/simple" }
dependencies = [
    { name = "pycparser", marker = "implementation_name != 'PyPy'" },
]
sdist = { url = "https://files.pythonhosted.org/packages/eb/56/b1ba7935a17738ae8453301356628e8147c79dbb825bcbc73dc7401f9846/cffi-2.0.0.tar.gz", hash = "sha256:44d1b5909021139fe36001ae048dbdde8214afa20200eda0f64c068cac5d5529", size = 523588 }
wheels = [
    { url = "https://files.pythonhosted.org/packages/4b/8d/a0a47a0c9e413a658623d014e91e74a50cdd2c423f7ccfd44086ef767f90/cffi-2.0.0-cp313-cp313-macosx_10_13_x86_64.whl", hash = "sha256:00bdf7acc5f795150faa6957054fbbca2439db2f775ce831222b66f192f03beb", size = 185230 },
    { url = "https://files.pythonhosted.org/packages/4a/d2/a6c0296814556c68ee32009d9c2ad4f85f2707cdecfd7727951ec228005d/cffi-2.0.0-cp313-cp313-macosx_11_0_arm64.whl", hash = "sha256:45d5e886156860dc35862657e1494b9bae8dfa63bf56796f2fb56e1679fc0bca", size = 181043 },
    { url = "https://files.pythonhosted.org/packages/b0/1e/d22cc63332bd59b06481ceaac49d6c507598642e2230f201649058a7e704/cffi-2.0.0-cp313-cp313-manylinux1_i686.manylinux2014_i686.manylinux_2_17_i686.manylinux_2_5_i686.whl", hash = "sha256:07b271772c100085dd28b74fa0cd81c8fb1a3ba18b21e03d7c27f3436a10606b", size = 212446 },
    { url = "https://files.pythonhosted.org/packages/a9/f5/a2c23eb03b61a0b8747f211eb716446c826ad66818ddc7810cc2cc19b3f2/cffi-2.0.0-cp313-cp313-manylinux2014_aarch64.manylinux_2_17_aarch64.whl", hash = "sha256:d48a880098c96020b02d5a1f7d9251308510ce8858940e6fa99ece33f610838b", size = 220101 },
    { url = "https://files.pythonhosted.org/packages/f2/7f/e6647792fc5850d634695bc0e6ab4111ae88e89981d35ac269956605feba/cffi-2.0.0-cp313-cp313-manylinux2014_ppc64le.manylinux_2_17_ppc64le.whl", hash = "sha256:f93fd8e5c8c0a4aa1f424d6173f14a892044054871c771f8566e4008eaa359d2", size = 207948 },
    { url = "https://files.pythonhosted.org/packages/cb/1e/a5a1bd6f1fb30f22573f76533de12a00bf274abcdc55c8edab639078abb6/cffi-2.0.0-cp313-cp313-manylinux2014_s390x.manylinux_2_17_s390x.whl", hash = "sha256:dd4f05f54a52fb558f1ba9f528228066954fee3ebe629fc1660d874d040ae5a3", size = 206422 },
    { url = "https://files.pythonhosted.org/packages/98/df/0a1755e750013a2081e863e7cd37e0cdd02664372c754e5560099eb7aa44/cffi-2.0.0-cp313-cp313-manylinux2014_x86_64.manylinux_2_17_x86_64.whl", hash = "sha256:c8d3b5532fc71b7a77c09192b4a5a200ea992702734a2e9279a37f2478236f26", size = 219499 },
    { url = "https://files.pythonhosted.org/packages/50/e1/a969e687fcf9ea58e6e2a928ad5e2dd88cc12f6f0ab477e9971f2309b57c/cffi-2.0.0-cp313-cp313-musllinux_1_2_aarch64.whl", hash = "sha256:d9b29c1f0ae438d5ee9acb31cadee00a58c46cc9c0b2f9038c6b0b3470877a8c", size = 222928 },
    { url = "https://files.pythonhosted.org/packages/36/54/0362578dd2c9e557a28ac77698ed67323ed5b9775ca9d3fe73fe191bb5d8/cffi-2.0.0-cp313-cp313-musllinux_1_2_x86_64.whl", hash = "sha256:6d50360be4546678fc1b79ffe7a66265e28667840010348dd69a314145807a1b", size = 221302 },
    { url = "https://files.pythonhosted.org/packages/eb/6d/bf9bda840d5f1dfdbf0feca87fbdb64a918a69bca42cfa0ba7b137c48cb8/cffi-2.0.0-cp313-cp313-win32.whl", hash = "sha256:74a03b9698e198d47562765773b4a8309919089150a0bb17d829ad7b44b60d27", size = 172909 },
    { url = "https://files.pythonhosted.org/packages/37/18/6519e1ee6f5a1e579e04b9ddb6f1676c17368a7aba48299c3759bbc3c8b3/cffi-2.0.0-cp313-cp313-win_amd64.whl", hash = "sha256:19f705ada2530c1167abacb171925dd886168931e0a7b78f5bffcae5c6b5be75", size = 183402 },
    { url = "https://files.pythonhosted.org/packages/cb/0e/02ceeec9a7d6ee63bb596121c2c8e9b3a9e150936f4fbef6ca1943e6137c/cffi-2.0.0-cp313-cp313-win_arm64.whl", hash = "sha256:256f80b80ca3853f90c21b23ee78cd008713787b1b1e93eae9f3d6a7134abd91", size = 177780 },
    { url = "https://files.pythonhosted.org/packages/92/c4/3ce07396253a83250ee98564f8d7e9789fab8e58858f35d07a9a2c78de9f/cffi-2.0.0-cp314-cp314-macosx_10_13_x86_64.whl", hash = "sha256:fc33c5141b55ed366cfaad382df24fe7dcbc686de5be719b207bb248e3053dc5", size = 185320 },
    { url = "https://files.pythonhosted.org/packages/59/dd/27e9fa567a23931c838c6b02d0764611c62290062a6d4e8ff7863daf9730/cffi-2.0.0-cp314-cp314-macosx_11_0_arm64.whl", hash = "sha256:c654de545946e0db659b3400168c9ad31b5d29593291482c43e3564effbcee13", size = 181487 },
    { url = "https://files.pythonhosted.org/packages/d6/43/0e822876f87ea8a4ef95442c3d766a06a51fc5298823f884ef87aaad168c/cffi-2.0.0-cp314-cp314-manylinux2014_aarch64.manylinux_2_17_aarch64.whl", hash = "sha256:24b6f81f1983e6df8db3adc38562c83f7d4a0c36162885ec7f7b77c7dcbec97b", size = 220049 },
    { url = "https://files.pythonhosted.org/packages/b4/89/76799151d9c2d2d1ead63c2429da9ea9d7aac304603de0c6e8764e6e8e70/cffi-2.0.0-cp314-cp314-manylinux2014_ppc64le.manylinux_2_17_ppc64le.whl", hash = "sha256:12873ca6cb9b0f0d3a0da705d6086fe911591737a59f28b7936bdfed27c0d47c", size = 207793 },
    { url = "https://files.pythonhosted.org/packages/bb/dd/3465b14bb9e24ee24cb88c9e3730f6de63111fffe513492bf8c808a3547e/cffi-2.0.0-cp314-cp314-manylinux2014_s390x.manylinux_2_17_s390x.whl", hash = "sha256:d9b97165e8aed9272a6bb17c01e3cc5871a594a446ebedc996e2397a1c1ea8ef", size = 206300 },
    { url = "https://files.pythonhosted.org/packages/47/d9/d83e293854571c877a92da46fdec39158f8d7e68da75bf73581225d28e90/cffi-2.0.0-cp314-cp314-manylinux2014_x86_64.manylinux_2_17_x86_64.whl", hash = "sha256:afb8db5439b81cf9c9d0c80404b60c3cc9c3add93e114dcae767f1477cb53775", size = 219244 },
    { url = "https://files.pythonhosted.org/packages/2b/0f/1f177e3683aead2bb00f7679a16451d302c436b5cbf2505f0ea8146ef59e/cffi-2.0.0-cp314-cp314-musllinux_1_2_aarch64.whl", hash = "sha256:737fe7d37e1a1bffe70bd5754ea763a62a066dc5913ca57e957824b72a85e205", size = 222828 },
    { url = "https://files.pythonhosted.org/packages/c6/0f/cafacebd4b040e3119dcb32fed8bdef8dfe94da653155f9d0b9dc660166e/cffi-2.0.0-cp314-cp314-musllinux_1_2_x86_64.whl", hash = "sha256:38100abb9d1b1435bc4cc340bb4489635dc2f0da7456590877030c9b3d40b0c1", size = 220926 },
    { url = "https://files.pythonhosted.org/packages/3e/aa/df335faa45b395396fcbc03de2dfcab242cd61a9900e914fe682a59170b1/cffi-2.0.0-cp314-cp314-win32.whl", hash = "sha256:087067fa8953339c723661eda6b54bc98c5625757ea62e95eb4898ad5e776e9f", size = 175328 },
    { url = "https://files.pythonhosted.org/packages/bb/92/882c2d30831744296ce713f0feb4c1cd30f346ef747b530b5318715cc367/cffi-2.0.0-cp314-cp314-win_amd64.whl", hash = "sha256:203a48d1fb583fc7d78a4c6655692963b860a417c0528492a6bc21f1aaefab25", size = 185650 },
    { url = "https://files.pythonhosted.org/packages/9f/2c/98ece204b9d35a7366b5b2c6539c350313ca13932143e79dc133ba757104/cffi-2.0.0-cp314-cp314-win_arm64.whl", hash = "sha256:dbd5c7a25a7cb98f5ca55d258b103a2054f859a46ae11aaf23134f9cc0d356ad", size = 180687 },
    { url = "https://files.pythonhosted.org/packages/3e/61/c768e4d548bfa607abcda77423448df8c471f25dbe64fb2ef6d555eae006/cffi-2.0.0-cp314-cp314t-macosx_10_13_x86_64.whl", hash = "sha256:9a67fc9e8eb39039280526379fb3a70023d77caec1852002b4da7e8b270c4dd9", size = 188773 },
    { url = "https://files.pythonhosted.org/packages/2c/ea/5f76bce7cf6fcd0ab1a1058b5af899bfbef198bea4d5686da88471ea0336/cffi-2.0.0-cp314-cp314t-macosx_11_0_arm64.whl", hash = "sha256:7a66c7204d8869299919db4d5069a82f1561581af12b11b3c9f48c584eb8743d", size = 185013 },
    { url = "https://files.pythonhosted.org/packages/be/b4/c56878d0d1755cf9caa54ba71e5d049479c52f9e4afc230f06822162ab2f/cffi-2.0.0-cp314-cp314t-manylinux2014_aarch64.manylinux_2_17_aarch64.whl", hash = "sha256:7cc09976e8b56f8cebd752f7113ad07752461f48a58cbba644139015ac24954c", size = 221593 },
    { url = "https://files.pythonhosted.org/packages/e0/0d/eb704606dfe8033e7128df5e90fee946bbcb64a04fcdaa97321309004000/cffi-2.0.0-cp314-cp314t-manylinux2014_ppc64le.manylinux_2_17_ppc64le.whl", hash = "sha256:92b68146a71df78564e4ef48af17551a5ddd142e5190cdf2c5624d0c3ff5b2e8", size = 209354 },
    { url = "https://files.pythonhosted.org/packages/d8/19/3c435d727b368ca475fb8742ab97c9cb13a0de600ce86f62eab7fa3eea60/cffi-2.0.0-cp314-cp314t-manylinux2014_s390x.manylinux_2_17_s390x.whl", hash = "sha256:b1e74d11748e7e98e2f426ab176d4ed720a64412b6a15054378afdb71e0f37dc", size = 208480 },
    { url = "https://files.pythonhosted.org/packages/d0/44/681604464ed9541673e486521497406fadcc15b5217c3e326b061696899a/cffi-2.0.0-cp314-cp314t-manylinux2014_x86_64.manylinux_2_17_x86_64.whl", hash = "sha256:28a3a209b96630bca57cce802da70c266eb08c6e97e5afd61a75611ee6c64592", size = 221584 },
    { url = "https://files.pythonhosted.org/packages/25/8e/342a504ff018a2825d395d44d63a767dd8ebc927ebda557fecdaca3ac33a/cffi-2.0.0-cp314-cp314t-musllinux_1_2_aarch64.whl", hash = "sha256:7553fb2090d71822f02c629afe6042c299edf91ba1bf94951165613553984512", size = 224443 },
    { url = "https://files.pythonhosted.org/packages/e1/5e/b666bacbbc60fbf415ba9988324a132c9a7a0448a9a8f125074671c0f2c3/cffi-2.0.0-cp314-cp314t-musllinux_1_2_x86_64.whl", hash = "sha256:6c6c373cfc5c83a975506110d17457138c8c63016b563cc9ed6e056a82f13ce4", size = 223437 },
    { url = "https://files.pythonhosted.org/packages/a0/1d/ec1a60bd1a10daa292d3cd6bb0b359a81607154fb8165f3ec95fe003b85c/cffi-2.0.0-cp314-cp314t-win32.whl", hash = "sha256:1fc9ea04857caf665289b7a75923f2c6ed559b8298a1b8c49e59f7dd95c8481e", size = 180487 },
    { url = "https://files.pythonhosted.org/packages/bf/41/4c1168c74fac325c0c8156f04b6749c8b6a8f405bbf91413ba088359f60d/cffi-2.0.0-cp314-cp314t-win_amd64.whl", hash = "sha256:d68b6cef7827e8641e8ef16f4494edda8b36104d79773a334beaa1e3521430f6", size = 191726 },
    { url = "https://files.pythonhosted.org/packages/ae/3a/dbeec9d1ee0844c679f6bb5d6ad4e9f198b1224f4e7a32825f47f6192b0c/cffi-2.0.0-cp314-cp314t-win_arm64.whl", hash = "sha256:0a1527a803f0a659de1af2e1fd700213caba79377e27e4693648c2923da066f9", size = 184195 },
]

[[package]]
name = "morse"
version = "0.1.0"
source = { editable = "." }
dependencies = [
    { name = "numpy" },
    { name = "sounddevice" },
]

[package.metadata]
requires-dist = [
    { name = "numpy", specifier = ">=2.5.0" },
    { name = "sounddevice", specifier = ">=0.5.5" },
]

[[package]]
name = "numpy"
version = "2.5.0"
source = { registry = "https://pypi.org/simple" }
sdist = { url = "https://files.pythonhosted.org/packages/e7/05/3d27272d30698dc0ecb7fdfaa41ad70303b444f81722bb99bce1d818638a/numpy-2.5.0.tar.gz", hash = "sha256:5a129578019311b6e56bdd714250f19b518f7dceeeb8d1af5490f4942d3f891c", size = 20652461 }
wheels = [
    { url = "https://files.pythonhosted.org/packages/8a/33/07675aaad7f26ea013d5e884d9a0d784b79c6bd7566c333f5a52fa3c610b/numpy-2.5.0-cp313-cp313-macosx_10_13_x86_64.whl", hash = "sha256:520e6b8be0a4b65840ac8090d4f51cef4bed66e2b0894d5a520f099adc24a9b2", size = 16784890 },
    { url = "https://files.pythonhosted.org/packages/85/4b/953118a730ee3b35e28645e0eb4cf9beec5bdbb954e1ac2f5fcefba6bbc3/numpy-2.5.0-cp313-cp313-macosx_11_0_arm64.whl", hash = "sha256:146b81cdd3967fdb6beca8ba25f00c58741d8f3cbd797f55af0fbe0bfec3469c", size = 11754584 },
    { url = "https://files.pythonhosted.org/packages/44/9b/56dd530c367c74ae17411027cea4135ca57e1e0583bf5594cee18bd83217/numpy-2.5.0-cp313-cp313-macosx_14_0_arm64.whl", hash = "sha256:126b88d95e8ff9b00c9e717aa540469f21d6180162f84c0caec51b16215d49cd", size = 5313904 },
    { url = "https://files.pythonhosted.org/packages/ce/b0/bcd672edad27ecca7da1f7bb0ce72cd1706a4f2d79ae94990afc97c13e1c/numpy-2.5.0-cp313-cp313-macosx_14_0_x86_64.whl", hash = "sha256:d4313cef1594c5ce46c31b6e54e918338f63f16ee9322304e8c9114d6d81c8bd", size = 6648504 },
    { url = "https://files.pythonhosted.org/packages/80/9e/15cdfcbd30a1544a46c9e487a00df331c4672450216538705a9e51fa6710/numpy-2.5.0-cp313-cp313-manylinux_2_27_aarch64.manylinux_2_28_aarch64.whl", hash = "sha256:750fb097caf26fa878746d9d119f6f9da12dedcbff1eea966c3e3447647c4a9e", size = 15150086 },
    { url = "https://files.pythonhosted.org/packages/32/4e/8d7656ccaab3e81e97258b8a9bc5f0c8502513a92fb4ceb0a2cbfebc17bf/numpy-2.5.0-cp313-cp313-manylinux_2_27_x86_64.manylinux_2_28_x86_64.whl", hash = "sha256:3893adc2dc7c0412ba76777db55a049215d99c9aa3113003be8f49f4f1290ab9", size = 16647250 },
    { url = "https://files.pythonhosted.org/packages/3c/81/97060281b602ed07f21b12f4ec409eac1f75a2f91fbc829ed8b2becf3ad4/numpy-2.5.0-cp313-cp313-musllinux_1_2_aarch64.whl", hash = "sha256:835e454dd99b238cdc5a3f63bce2371296f5ebc53ca1e0f8e6ddbb6d92a29aab", size = 16512864 },
    { url = "https://files.pythonhosted.org/packages/33/ab/4496208146911f8d8ddb54f68a972aafa6c8d44babcb2ea03b0e5cc87c9d/numpy-2.5.0-cp313-cp313-musllinux_1_2_x86_64.whl", hash = "sha256:6f9836778081a0a3c02a6a21493f3e9f5b311f8d2541934f31f05583dc999ea4", size = 18408407 },
    { url = "https://files.pythonhosted.org/packages/d4/9f/a4df67c181e4ee8b467aa3332dc2db10fd5c515136831302f3ca48bc0a01/numpy-2.5.0-cp313-cp313-win32.whl", hash = "sha256:0b525be4744b60bb0557ac872d53ef07d085b5f39622bc579c98d3809d05b988", size = 6054431 },
    { url = "https://files.pythonhosted.org/packages/30/53/491e1c47c55b62ccc6a63c1c5b8635c73fc2258dddeb9bda27cae4a0ae96/numpy-2.5.0-cp313-cp313-win_amd64.whl", hash = "sha256:44353e2878930039db472b99dc353d749826e4010bd4d2a7f835e94a97a5c748", size = 12414420 },
    { url = "https://files.pythonhosted.org/packages/eb/4a/25c2906f541e9d9f4c5769764db732e6627be91a13f4724fa10634d77db4/numpy-2.5.0-cp313-cp313-win_arm64.whl", hash = "sha256:48f54b00711f83a5f796b70c518e8c2b3c5848dda03a54911f23eb68519b9b60", size = 10339533 },
    { url = "https://files.pythonhosted.org/packages/86/ad/abc44aaceaf7b17ee1edde2bbb4458da591bc79574cffff50c4bb35f00d1/numpy-2.5.0-cp314-cp314-macosx_10_15_x86_64.whl", hash = "sha256:f27582c55ba4c750b7c58c8faf021d2cd9324a662b466229db8a417b41368af9", size = 16783807 },
    { url = "https://files.pythonhosted.org/packages/5d/39/b72e168daf9c00fb20c9fc996d00437ccecdef3102387775d29d7a62576d/numpy-2.5.0-cp314-cp314-macosx_11_0_arm64.whl", hash = "sha256:28e7137057d551e4a83c4ae414e3451f50568409db7569aacc7f9811ee06a446", size = 11765215 },
    { url = "https://files.pythonhosted.org/packages/f7/a0/8400a9c0e3625182347593f5e1f57da9a617a534794805c8df5518154ddc/numpy-2.5.0-cp314-cp314-macosx_14_0_arm64.whl", hash = "sha256:e1da54b53e75cd9fcfc23efcc7edab2c6aecf97b6037566d8a0fe804af8ec57c", size = 5324493 },
    { url = "https://files.pythonhosted.org/packages/f6/8c/0d104deaa0401c93395a629ec902891618a2eff76d19229139cb5a887bfc/numpy-2.5.0-cp314-cp314-macosx_14_0_x86_64.whl", hash = "sha256:694d8f74e156f7fd01179f1aa8faa2f648ab6ae0f70b6c3fe57a03249aea2303", size = 6645211 },
    { url = "https://files.pythonhosted.org/packages/6a/d9/4a4a628c812750363786afc3d33492709a5cd64b215469c16b0f6c7bb811/numpy-2.5.0-cp314-cp314-manylinux_2_27_aarch64.manylinux_2_28_aarch64.whl", hash = "sha256:1a7569a7b53c77716f036bb28cb1c91f166a26ec7d9502cd1e4bdfe502fdec22", size = 15166004 },
    { url = "https://files.pythonhosted.org/packages/a0/5e/2a902317d7fc4aa93236e80c932662dadfc459b323d758329e01775125e1/numpy-2.5.0-cp314-cp314-manylinux_2_27_x86_64.manylinux_2_28_x86_64.whl", hash = "sha256:39a0433bd4086ebd462960cf375e19195bb07b53dc1d87dd5fcf47ad78576f03", size = 16650797 },
    { url = "https://files.pythonhosted.org/packages/e9/a0/a0090e6329f4ca5992c07847bb579c5259a19953dc57255bb08793142ffb/numpy-2.5.0-cp314-cp314-musllinux_1_2_aarch64.whl", hash = "sha256:929f0c79ac38bcbd7154fe631dc907abfeddbcc5027a896bd1f7767323271e7a", size = 16524647 },
    { url = "https://files.pythonhosted.org/packages/5e/7d/6caf27734c42b65837e7461ed0dbbd6b6fc835060c9714ec59d673bb383a/numpy-2.5.0-cp314-cp314-musllinux_1_2_x86_64.whl", hash = "sha256:cc4f247a47bbf070bfd70be53ccdcf47b800af563535e7bbe172322197c30e21", size = 18411841 },
    { url = "https://files.pythonhosted.org/packages/13/dc/26edadbd812536769a82c2e9e002234e33feb5da43061d47a044f6d309b7/numpy-2.5.0-cp314-cp314-win32.whl", hash = "sha256:5dc71423499fab3f46f7a7201155ade1669ea101f2f429d332df9e72f8161731", size = 6106361 },
    { url = "https://files.pythonhosted.org/packages/f2/9e/4dd1459282229a72d92dece2ae9138e5cac94a72263a7ceb48f37434c925/numpy-2.5.0-cp314-cp314-win_amd64.whl", hash = "sha256:ebb81d9d5443e0309d6c54894c3fbed74ad7da0714352a67b6d773cd189eae73", size = 12551749 },
    { url = "https://files.pythonhosted.org/packages/05/a7/6bc6384c080b86c7f6c85c5bc5b540b24f4f679cd144791d99574e90d462/numpy-2.5.0-cp314-cp314-win_arm64.whl", hash = "sha256:3b94d0d0deceebfad3e67ae5c0e5eb87371e8f7a0581cd04a779928c2450cf1e", size = 10617072 },
    { url = "https://files.pythonhosted.org/packages/86/6b/4a2b71d66ada5608ae02b63f150dfad520f6940721cb7f029ad270befc0e/numpy-2.5.0-cp314-cp314t-macosx_11_0_arm64.whl", hash = "sha256:22f3d43e362d650bc39db1f17851302874a148ca95ba6981c1dfb5fa6862f35b", size = 11881067 },
    { url = "https://files.pythonhosted.org/packages/dc/b2/d365eb40a20efb49d67e9feb90494ed8511282ee1f5fa16006675c65397d/numpy-2.5.0-cp314-cp314t-macosx_14_0_arm64.whl", hash = "sha256:243563efb4cd7528a264567e9fd206c87826457322521d06206a00bfa316c927", size = 5440290 },
    { url = "https://files.pythonhosted.org/packages/fa/5e/e9c03188de5f9b767e46a8fe988bcfd3efad066a4a3fda8b9cb11a93f895/numpy-2.5.0-cp314-cp314t-macosx_14_0_x86_64.whl", hash = "sha256:84881d825ca75249b189bbee875fcfe3238aa5c479e6100893cda566e8e86826", size = 6748371 },
    { url = "https://files.pythonhosted.org/packages/fd/1d/68c186a38a5027bae2c4ddd5ea681fdaf8b4d30fb7301def6d8ad270390f/numpy-2.5.0-cp314-cp314t-manylinux_2_27_aarch64.manylinux_2_28_aarch64.whl", hash = "sha256:cda12aa4779d42b8771180aba759c96f527d43446d8f380ab59e2b35e8489efd", size = 15214643 },
    { url = "https://files.pythonhosted.org/packages/8c/67/73f67b7c7e20635baae9c4c3ead4ae7326a005900297a6110971abd62eb5/numpy-2.5.0-cp314-cp314t-manylinux_2_27_x86_64.manylinux_2_28_x86_64.whl", hash = "sha256:1c0121101093d2bd74981b10f8837d78e794a8ff57834eb27179f49e1ba11ac6", size = 16690128 },
    { url = "https://files.pythonhosted.org/packages/eb/05/d4c1fb0c46d02a27d6b2b8b319a78c90937acec8631c1641874670b31e6f/numpy-2.5.0-cp314-cp314t-musllinux_1_2_aarch64.whl", hash = "sha256:d371c92cfa09da00022f501ab67fafaea813d752eb30ac44336d45b1e5b0268a", size = 16577902 },
    { url = "https://files.pythonhosted.org/packages/9e/1d/771c797d50fa26e4888989cccf1d50ee51f530d4e455ad2692dcb64fa711/numpy-2.5.0-cp314-cp314t-musllinux_1_2_x86_64.whl", hash = "sha256:9990713e9c38154c6861e7547f1e3fc7a87e75ff09bab24ef1cc81d81c2835e9", size = 18452814 },
    { url = "https://files.pythonhosted.org/packages/e8/46/52fc0d2a68d7643f0f149eeea5a5d8ea2a3507056ac8afa83c9212606e8b/numpy-2.5.0-cp314-cp314t-win32.whl", hash = "sha256:edadfbd4794b1086c0d822f81863e8a68fc129d132fd0bb9e31e955d7fbbbdb7", size = 6253168 },
    { url = "https://files.pythonhosted.org/packages/2a/be/6c8d1118b5f13b2881dc095d5b345de19c6638b8959c17409b6eff84c8aa/numpy-2.5.0-cp314-cp314t-win_amd64.whl", hash = "sha256:f7e5fa4382967ae6548bd2f174219afb908e294b0d5f625af01166edd5f7d9aa", size = 12736286 },
    { url = "https://files.pythonhosted.org/packages/fd/6a/d3a169aaf8536cf228d56a09e04bcb713a2fe4410d4e2105b9419b5a9c89/numpy-2.5.0-cp314-cp314t-win_arm64.whl", hash = "sha256:016623417bb330d719d579daf2d6b9a01ddc52e41a9ed61a47f39fde46dcd865", size = 10686451 },
]

[[package]]
name = "pycparser"
version = "3.0"
source = { registry = "https://pypi.org/simple" }
sdist = { url = "https://files.pythonhosted.org/packages/1b/7d/92392ff7815c21062bea51aa7b87d45576f649f16458d78b7cf94b9ab2e6/pycparser-3.0.tar.gz", hash = "sha256:600f49d217304a5902ac3c37e1281c9fe94e4d0489de643a9504c5cdfdfc6b29", size = 103492 }
wheels = [
    { url = "https://files.pythonhosted.org/packages/0c/c3/44f3fbbfa403ea2a7c779186dc20772604442dde72947e7d01069cbe98e3/pycparser-3.0-py3-none-any.whl", hash = "sha256:b727414169a36b7d524c1c3e31839a521725078d7b2ff038656844266160a992", size = 48172 },
]

[[package]]
name = "sounddevice"
version = "0.5.5"
source = { registry = "https://pypi.org/simple" }
dependencies = [
    { name = "cffi" },
]
sdist = { url = "https://files.pythonhosted.org/packages/2a/f9/2592608737553638fca98e21e54bfec40bf577bb98a61b2770c912aab25e/sounddevice-0.5.5.tar.gz", hash = "sha256:22487b65198cb5bf2208755105b524f78ad173e5ab6b445bdab1c989f6698df3", size = 143191 }
wheels = [
    { url = "https://files.pythonhosted.org/packages/1e/0a/478e441fd049002cf308520c0d62dd8333e7c6cc8d997f0dda07b9fbcc46/sounddevice-0.5.5-py3-none-any.whl", hash = "sha256:30ff99f6c107f49d25ad16a45cacd8d91c25a1bcdd3e81a206b921a3a6405b1f", size = 32807 },
    { url = "https://files.pythonhosted.org/packages/56/f9/c037c35f6d0b6bc3bc7bfb314f1d6f1f9a341328ef47cd63fc4f850a7b27/sounddevice-0.5.5-py3-none-macosx_10_6_x86_64.macosx_10_6_universal2.whl", hash = "sha256:05eb9fd6c54c38d67741441c19164c0dae8ce80453af2d8c4ad2e7823d15b722", size = 108557 },
    { url = "https://files.pythonhosted.org/packages/88/a1/d19dd9889cd4bce2e233c4fac007cd8daaf5b9fe6e6a5d432cf17be0b807/sounddevice-0.5.5-py3-none-win32.whl", hash = "sha256:1234cc9b4c9df97b6cbe748146ae0ec64dd7d6e44739e8e42eaa5b595313a103", size = 317765 },
    { url = "https://files.pythonhosted.org/packages/c3/0e/002ed7c4c1c2ab69031f78989d3b789fee3a7fba9e586eb2b81688bf4961/sounddevice-0.5.5-py3-none-win_amd64.whl", hash = "sha256:cfc6b2c49fb7f555591c78cb8ecf48d6a637fd5b6e1db5fec6ed9365d64b3519", size = 365324 },
    { url = "https://files.pythonhosted.org/packages/4e/39/a61d4b83a7746b70d23d9173be688c0c6bfc7173772344b7442c2c155497/sounddevice-0.5.5-py3-none-win_arm64.whl", hash = "sha256:3861901ddd8230d2e0e8ae62ac320cdd4c688d81df89da036dcb812f757bb3e6", size = 317115 },
]
